
Microsoft Visual Studio Solution File, Format Version 12.00
# Visual Studio Version 16
VisualStudioVersion = 16.0.29519.87
MinimumVisualStudioVersion = 10.0.40219.1
Project("{FAE04EC0-301F-11D3-BF4B-00C04F79EFBC}") = "ASPO", "ASPO\ASPO.csproj", "{C60F3047-359C-4C8A-901A-0E03C6B9BADF}"
EndProject
Global
	GlobalSection(SolutionConfigurationPlatforms) = preSolution
		Debug|Any CPU = Debug|Any CPU
		Release|Any CPU = Release|Any CPU
	EndGlobalSection
	GlobalSection(ProjectConfigurationPlatforms) = postSolution
		{C60F3047-359C-4C8A-901A-0E03C6B9BADF}.Debug|Any CPU.ActiveCfg = Debug|Any CPU
		{C60F3047-359C-4C8A-901A-0E03C6B9BADF}.Debug|Any CPU.Build.0 = Debug|Any CPU
		{C60F3047-359C-4C8A-901A-0E03C6B9BADF}.Release|Any CPU.ActiveCfg = Release|Any CPU
		{C60F3047-359C-4C8A-901A-0E03C6B9BADF}.Release|Any CPU.Build.0 = Release|Any CPU
	EndGlobalSection
	GlobalSection(SolutionProperties) = preSolution
		HideSolutionNode = FALSE
	EndGlobalSection
	GlobalSection(ExtensibilityGlobals) = postSolution
		SolutionGuid = {CE7A4E9C-4294-4293-9D8B-B220E725A875}
	EndGlobalSection
EndGlobal
